// !$*UTF8*$!
{
	archiveVersion = 1;
	classes = {
	};
	objectVersion = 46;
	objects = {

/* Begin PBXBuildFile section */
		95C939D51C664EC2008438FB /* main.m in Sources */ = {isa = PBXBuildFile; fileRef = 95C939D41C664EC2008438FB /* main.m */; };
		95C939D81C664EC2008438FB /* AppDelegate.m in Sources */ = {isa = PBXBuildFile; fileRef = 95C939D71C664EC2008438FB /* AppDelegate.m */; };
		95C939DB1C664EC2008438FB /* ViewController.m in Sources */ = {isa = PBXBuildFile; fileRef = 95C939DA1C664EC2008438FB /* ViewController.m */; };
		95C939DE1C664EC2008438FB /* Main.storyboard in Resources */ = {isa = PBXBuildFile; fileRef = 95C939DC1C664EC2008438FB /* Main.storyboard */; };
		95C939E01C664EC2008438FB /* Assets.xcassets in Resources */ = {isa = PBXBuildFile; fileRef = 95C939DF1C664EC2008438FB /* Assets.xcassets */; };
		95C939E31C664EC2008438FB /* LaunchScreen.storyboard in Resources */ = {isa = PBXBuildFile; fileRef = 95C939E11C664EC2008438FB /* LaunchScreen.storyboard */; };
		95C939EE1C664EC3008438FB /* PhotoBookShopTests.m in Sources */ = {isa = PBXBuildFile; fileRef = 95C939ED1C664EC3008438FB /* PhotoBookShopTests.m */; };
		95C939F91C664EC3008438FB /* PhotoBookShopUITests.m in Sources */ = {isa = PBXBuildFile; fileRef = 95C939F81C664EC3008438FB /* PhotoBookShopUITests.m */; };
/* End PBXBuildFile section */

/* Begin PBXContainerItemProxy section */
		95C939EA1C664EC3008438FB /* PBXContainerItemProxy */ = {
			isa = PBXContainerItemProxy;
			containerPortal = 95C939C81C664EC2008438FB /* Project object */;
			proxyType = 1;
			remoteGlobalIDString = 95C939CF1C664EC2008438FB;
			remoteInfo = PhotoBookShop;
		};
		95C939F51C664EC3008438FB /* PBXContainerItemProxy */ = {
			isa = PBXContainerItemProxy;
			containerPortal = 95C939C81C664EC2008438FB /* Project object */;
			proxyType = 1;
			remoteGlobalIDString = 95C939CF1C664EC2008438FB;
			remoteInfo = PhotoBookShop;
		};
/* End PBXContainerItemProxy section */

/* Begin PBXFileReference section */
		95C939D01C664EC2008438FB /* PhotoBookShop.app */ = {isa = PBXFileReference; explicitFileType = wrapper.application; includeInIndex = 0; path = PhotoBookShop.app; sourceTree = BUILT_PRODUCTS_DIR; };
		95C939D41C664EC2008438FB /* main.m */ = {isa = PBXFileReference; lastKnownFileType = sourcecode.c.objc; path = main.m; sourceTree = "<group>"; };
		95C939D61C664EC2008438FB /* AppDelegate.h */ = {isa = PBXFileReference; lastKnownFileType = sourcecode.c.h; path = AppDelegate.h; sourceTree = "<group>"; };
		95C939D71C664EC2008438FB /* AppDelegate.m */ = {isa = PBXFileReference; lastKnownFileType = sourcecode.c.objc; path = AppDelegate.m; sourceTree = "<group>"; };
		95C939D91C664EC2008438FB /* ViewController.h */ = {isa = PBXFileReference; lastKnownFileType = sourcecode.c.h; path = ViewController.h; sourceTree = "<group>"; };
		95C939DA1C664EC2008438FB /* ViewController.m */ = {isa = PBXFileReference; lastKnownFileType = sourcecode.c.objc; path = ViewController.m; sourceTree = "<group>"; };
		95C939DD1C664EC2008438FB /* Base */ = {isa = PBXFileReference; lastKnownFileType = file.storyboard; name = Base; path = Base.lproj/Main.storyboard; sourceTree = "<group>"; };
		95C939DF1C664EC2008438FB /* Assets.xcassets */ = {isa = PBXFileReference; lastKnownFileType = folder.assetcatalog; path = Assets.xcassets; sourceTree = "<group>"; };
		95C939E21C664EC2008438FB /* Base */ = {isa = PBXFileReference; lastKnownFileType = file.storyboard; name = Base; path = Base.lproj/LaunchScreen.storyboard; sourceTree = "<group>"; };
		95C939E41C664EC2008438FB /* Info.plist */ = {isa = PBXFileReference; lastKnownFileType = text.plist.xml; path = Info.plist; sourceTree = "<group>"; };
		95C939E91C664EC3008438FB /* PhotoBookShopTests.xctest */ = {isa = PBXFileReference; explicitFileType = wrapper.cfbundle; includeInIndex = 0; path = PhotoBookShopTests.xctest; sourceTree = BUILT_PRODUCTS_DIR; };
		95C939ED1C664EC3008438FB /* PhotoBookShopTests.m */ = {isa = PBXFileReference; lastKnownFileType = sourcecode.c.objc; path = PhotoBookShopTests.m; sourceTree = "<group>"; };
		95C939EF1C664EC3008438FB /* Info.plist */ = {isa = PBXFileReference; lastKnownFileType = text.plist.xml; path = Info.plist; sourceTree = "<group>"; };
		95C939F41C664EC3008438FB /* PhotoBookShopUITests.xctest */ = {isa = PBXFileReference; explicitFileType = wrapper.cfbundle; includeInIndex = 0; path = PhotoBookShopUITests.xctest; sourceTree = BUILT_PRODUCTS_DIR; };
		95C939F81C664EC3008438FB /* PhotoBookShopUITests.m */ = {isa = PBXFileReference; lastKnownFileType = sourcecode.c.objc; path = PhotoBookShopUITests.m; sourceTree = "<group>"; };
		95C939FA1C664EC3008438FB /* Info.plist */ = {isa = PBXFileReference; lastKnownFileType = text.plist.xml; path = Info.plist; sourceTree = "<group>"; };
/* End PBXFileReference section */

/* Begin PBXFrameworksBuildPhase section */
		95C939CD1C664EC2008438FB /* Frameworks */ = {
			isa = PBXFrameworksBuildPhase;
			buildActionMask = 2147483647;
			files = (
			);
			runOnlyForDeploymentPostprocessing = 0;
		};
		95C939E61C664EC3008438FB /* Frameworks */ = {
			isa = PBXFrameworksBuildPhase;
			buildActionMask = 2147483647;
			files = (
			);
			runOnlyForDeploymentPostprocessing = 0;
		};
		95C939F11C664EC3008438FB /* Frameworks */ = {
			isa = PBXFrameworksBuildPhase;
			buildActionMask = 2147483647;
			files = (
			);
			runOnlyForDeploymentPostprocessing = 0;
		};
/* End PBXFrameworksBuildPhase section */

/* Begin PBXGroup section */
		95C939C71C664EC2008438FB = {
			isa = PBXGroup;
			children = (
				95C939D21C664EC2008438FB /* PhotoBookShop */,
				95C939EC1C664EC3008438FB /* PhotoBookShopTests */,
				95C939F71C664EC3008438FB /* PhotoBookShopUITests */,
				95C939D11C664EC2008438FB /* Products */,
			);
			sourceTree = "<group>";
		};
		95C939D11C664EC2008438FB /* Products */ = {
			isa = PBXGroup;
			children = (
				95C939D01C664EC2008438FB /* PhotoBookShop.app */,
				95C939E91C664EC3008438FB /* PhotoBookShopTests.xctest */,
				95C939F41C664EC3008438FB /* PhotoBookShopUITests.xctest */,
			);
			name = Products;
			sourceTree = "<group>";
		};
		95C939D21C664EC2008438FB /* PhotoBookShop */ = {
			isa = PBXGroup;
			children = (
				95C939D61C664EC2008438FB /* AppDelegate.h */,
				95C939D71C664EC2008438FB /* AppDelegate.m */,
				95C939D91C664EC2008438FB /* ViewController.h */,
				95C939DA1C664EC2008438FB /* ViewController.m */,
				95C939DC1C664EC2008438FB /* Main.storyboard */,
				95C939DF1C664EC2008438FB /* Assets.xcassets */,
				95C939E11C664EC2008438FB /* LaunchScreen.storyboard */,
				95C939E41C664EC2008438FB /* Info.plist */,
				95C939D31C664EC2008438FB /* Supporting Files */,
			);
			path = PhotoBookShop;
			sourceTree = "<group>";
		};
		95C939D31C664EC2008438FB /* Supporting Files */ = {
			isa = PBXGroup;
			children = (
				95C939D41C664EC2008438FB /* main.m */,
			);
			name = "Supporting Files";
			sourceTree = "<group>";
		};
		95C939EC1C664EC3008438FB /* PhotoBookShopTests */ = {
			isa = PBXGroup;
			children = (
				95C939ED1C664EC3008438FB /* PhotoBookShopTests.m */,
				95C939EF1C664EC3008438FB /* Info.plist */,
			);
			path = PhotoBookShopTests;
			sourceTree = "<group>";
		};
		95C939F71C664EC3008438FB /* PhotoBookShopUITests */ = {
			isa = PBXGroup;
			children = (
				95C939F81C664EC3008438FB /* PhotoBookShopUITests.m */,
				95C939FA1C664EC3008438FB /* Info.plist */,
			);
			path = PhotoBookShopUITests;
			sourceTree = "<group>";
		};
/* End PBXGroup section */

/* Begin PBXNativeTarget section */
		95C939CF1C664EC2008438FB /* PhotoBookShop */ = {
			isa = PBXNativeTarget;
			buildConfigurationList = 95C939FD1C664EC3008438FB /* Build configuration list for PBXNativeTarget "PhotoBookShop" */;
			buildPhases = (
				95C939CC1C664EC2008438FB /* Sources */,
				95C939CD1C664EC2008438FB /* Frameworks */,
				95C939CE1C664EC2008438FB /* Resources */,
			);
			buildRules = (
			);
			dependencies = (
			);
			name = PhotoBookShop;
			productName = PhotoBookShop;
			productReference = 95C939D01C664EC2008438FB /* PhotoBookShop.app */;
			productType = "com.apple.product-type.application";
		};
		95C939E81C664EC3008438FB /* PhotoBookShopTests */ = {
			isa = PBXNativeTarget;
			buildConfigurationList = 95C93A001C664EC3008438FB /* Build configuration list for PBXNativeTarget "PhotoBookShopTests" */;
			buildPhases = (
				95C939E51C664EC3008438FB /* Sources */,
				95C939E61C664EC3008438FB /* Frameworks */,
				95C939E71C664EC3008438FB /* Resources */,
			);
			buildRules = (
			);
			dependencies = (
				95C939EB1C664EC3008438FB /* PBXTargetDependency */,
			);
			name = PhotoBookShopTests;
			productName = PhotoBookShopTests;
			productReference = 95C939E91C664EC3008438FB /* PhotoBookShopTests.xctest */;
			productType = "com.apple.product-type.bundle.unit-test";
		};
		95C939F31C664EC3008438FB /* PhotoBookShopUITests */ = {
			isa = PBXNativeTarget;
			buildConfigurationList = 95C93A031C664EC3008438FB /* Build configuration list for PBXNativeTarget "PhotoBookShopUITests" */;
			buildPhases = (
				95C939F01C664EC3008438FB /* Sources */,
				95C939F11C664EC3008438FB /* Frameworks */,
				95C939F21C664EC3008438FB /* Resources */,
			);
			buildRules = (
			);
			dependencies = (
				95C939F61C664EC3008438FB /* PBXTargetDependency */,
			);
			name = PhotoBookShopUITests;
			productName = PhotoBookShopUITests;
			productReference = 95C939F41C664EC3008438FB /* PhotoBookShopUITests.xctest */;
			productType = "com.apple.product-type.bundle.ui-testing";
		};
/* End PBXNativeTarget section */

/* Begin PBXProject section */
		95C939C81C664EC2008438FB /* Project object */ = {
			isa = PBXProject;
			attributes = {
				LastUpgradeCheck = 0700;
				ORGANIZATIONNAME = Peter;
				TargetAttributes = {
					95C939CF1C664EC2008438FB = {
						CreatedOnToolsVersion = 7.0;
					};
					95C939E81C664EC3008438FB = {
						CreatedOnToolsVersion = 7.0;
						TestTargetID = 95C939CF1C664EC2008438FB;
					};
					95C939F31C664EC3008438FB = {
						CreatedOnToolsVersion = 7.0;
						TestTargetID = 95C939CF1C664EC2008438FB;
					};
				};
			};
			buildConfigurationList = 95C939CB1C664EC2008438FB /* Build configuration list for PBXProject "PhotoBookShop" */;
			compatibilityVersion = "Xcode 3.2";
			developmentRegion = English;
			hasScannedForEncodings = 0;
			knownRegions = (
				en,
				Base,
			);
			mainGroup = 95C939C71C664EC2008438FB;
			productRefGroup = 95C939D11C664EC2008438FB /* Products */;
			projectDirPath = "";
			projectRoot = "";
			targets = (
				95C939CF1C664EC2008438FB /* PhotoBookShop */,
				95C939E81C664EC3008438FB /* PhotoBookShopTests */,
				95C939F31C664EC3008438FB /* PhotoBookShopUITests */,
			);
		};
/* End PBXProject section */

/* Begin PBXResourcesBuildPhase section */
		95C939CE1C664EC2008438FB /* Resources */ = {
			isa = PBXResourcesBuildPhase;
			buildActionMask = 2147483647;
			files = (
				95C939E31C664EC2008438FB /* LaunchScreen.storyboard in Resources */,
				95C939E01C664EC2008438FB /* Assets.xcassets in Resources */,
				95C939DE1C664EC2008438FB /* Main.storyboard in Resources */,
			);
			runOnlyForDeploymentPostprocessing = 0;
		};
		95C939E71C664EC3008438FB /* Resources */ = {
			isa = PBXResourcesBuildPhase;
			buildActionMask = 2147483647;
			files = (
			);
			runOnlyForDeploymentPostprocessing = 0;
		};
		95C939F21C664EC3008438FB /* Resources */ = {
			isa = PBXResourcesBuildPhase;
			buildActionMask = 2147483647;
			files = (
			);
			runOnlyForDeploymentPostprocessing = 0;
		};
/* End PBXResourcesBuildPhase section */

/* Begin PBXSourcesBuildPhase section */
		95C939CC1C664EC2008438FB /* Sources */ = {
			isa = PBXSourcesBuildPhase;
			buildActionMask = 2147483647;
			files = (
				95C939DB1C664EC2008438FB /* ViewController.m in Sources */,
				95C939D81C664EC2008438FB /* AppDelegate.m in Sources */,
				95C939D51C664EC2008438FB /* main.m in Sources */,
			);
			runOnlyForDeploymentPostprocessing = 0;
		};
		95C939E51C664EC3008438FB /* Sources */ = {
			isa = PBXSourcesBuildPhase;
			buildActionMask = 2147483647;
			files = (
				95C939EE1C664EC3008438FB /* PhotoBookShopTests.m in Sources */,
			);
			runOnlyForDeploymentPostprocessing = 0;
		};
		95C939F01C664EC3008438FB /* Sources */ = {
			isa = PBXSourcesBuildPhase;
			buildActionMask = 2147483647;
			files = (
				95C939F91C664EC3008438FB /* PhotoBookShopUITests.m in Sources */,
			);
			runOnlyForDeploymentPostprocessing = 0;
		};
/* End PBXSourcesBuildPhase section */

/* Begin PBXTargetDependency section */
		95C939EB1C664EC3008438FB /* PBXTargetDependency */ = {
			isa = PBXTargetDependency;
			target = 95C939CF1C664EC2008438FB /* PhotoBookShop */;
			targetProxy = 95C939EA1C664EC3008438FB /* PBXContainerItemProxy */;
		};
		95C939F61C664EC3008438FB /* PBXTargetDependency */ = {
			isa = PBXTargetDependency;
			target = 95C939CF1C664EC2008438FB /* PhotoBookShop */;
			targetProxy = 95C939F51C664EC3008438FB /* PBXContainerItemProxy */;
		};
/* End PBXTargetDependency section */

/* Begin PBXVariantGroup section */
		95C939DC1C664EC2008438FB /* Main.storyboard */ = {
			isa = PBXVariantGroup;
			children = (
				95C939DD1C664EC2008438FB /* Base */,
			);
			name = Main.storyboard;
			sourceTree = "<group>";
		};
		95C939E11C664EC2008438FB /* LaunchScreen.storyboard */ = {
			isa = PBXVariantGroup;
			children = (
				95C939E21C664EC2008438FB /* Base */,
			);
			name = LaunchScreen.storyboard;
			sourceTree = "<group>";
		};
/* End PBXVariantGroup section */

/* Begin XCBuildConfiguration section */
		95C939FB1C664EC3008438FB /* Debug */ = {
			isa = XCBuildConfiguration;
			buildSettings = {
				ALWAYS_SEARCH_USER_PATHS = NO;
				CLANG_CXX_LANGUAGE_STANDARD = "gnu++0x";
				CLANG_CXX_LIBRARY = "libc++";
				CLANG_ENABLE_MODULES = YES;
				CLANG_ENABLE_OBJC_ARC = YES;
				CLANG_WARN_BOOL_CONVERSION = YES;
				CLANG_WARN_CONSTANT_CONVERSION = YES;
				CLANG_WARN_DIRECT_OBJC_ISA_USAGE = YES_ERROR;
				CLANG_WARN_EMPTY_BODY = YES;
				CLANG_WARN_ENUM_CONVERSION = YES;
				CLANG_WARN_INT_CONVERSION = YES;
				CLANG_WARN_OBJC_ROOT_CLASS = YES_ERROR;
				CLANG_WARN_UNREACHABLE_CODE = YES;
				CLANG_WARN__DUPLICATE_METHOD_MATCH = YES;
				"CODE_SIGN_IDENTITY[sdk=iphoneos*]" = "iPhone Developer";
				COPY_PHASE_STRIP = NO;
				DEBUG_INFORMATION_FORMAT = dwarf;
				ENABLE_STRICT_OBJC_MSGSEND = YES;
				ENABLE_TESTABILITY = YES;
				GCC_C_LANGUAGE_STANDARD = gnu99;
				GCC_DYNAMIC_NO_PIC = NO;
				GCC_NO_COMMON_BLOCKS = YES;
				GCC_OPTIMIZATION_LEVEL = 0;
				GCC_PREPROCESSOR_DEFINITIONS = (
					"DEBUG=1",
					"$(inherited)",
				);
				GCC_WARN_64_TO_32_BIT_CONVERSION = YES;
				GCC_WARN_ABOUT_RETURN_TYPE = YES_ERROR;
				GCC_WARN_UNDECLARED_SELECTOR = YES;
				GCC_WARN_UNINITIALIZED_AUTOS = YES_AGGRESSIVE;
				GCC_WARN_UNUSED_FUNCTION = YES;
				GCC_WARN_UNUSED_VARIABLE = YES;
				IPHONEOS_DEPLOYMENT_TARGET = 9.0;
				MTL_ENABLE_DEBUG_INFO = YES;
				ONLY_ACTIVE_ARCH = YES;
				SDKROOT = iphoneos;
				TARGETED_DEVICE_FAMILY = "1,2";
			};
			name = Debug;
		};
		95C939FC1C664EC3008438FB /* Release */ = {
			isa = XCBuildConfiguration;
			buildSettings = {
				ALWAYS_SEARCH_USER_PATHS = NO;
				CLANG_CXX_LANGUAGE_STANDARD = "gnu++0x";
				CLANG_CXX_LIBRARY = "libc++";
				CLANG_ENABLE_MODULES = YES;
				CLANG_ENABLE_OBJC_ARC = YES;
				CLANG_WARN_BOOL_CONVERSION = YES;
				CLANG_WARN_CONSTANT_CONVERSION = YES;
				CLANG_WARN_DIRECT_OBJC_ISA_USAGE = YES_ERROR;
				CLANG_WARN_EMPTY_BODY = YES;
				CLANG_WARN_ENUM_CONVERSION = YES;
				CLANG_WARN_INT_CONVERSION = YES;
				CLANG_WARN_OBJC_ROOT_CLASS = YES_ERROR;
				CLANG_WARN_UNREACHABLE_CODE = YES;
				CLANG_WARN__DUPLICATE_METHOD_MATCH = YES;
				"CODE_SIGN_IDENTITY[sdk=iphoneos*]" = "iPhone Developer";
				COPY_PHASE_STRIP = NO;
				DEBUG_INFORMATION_FORMAT = "dwarf-with-dsym";
				ENABLE_NS_ASSERTIONS = NO;
				ENABLE_STRICT_OBJC_MSGSEND = YES;
				GCC_C_LANGUAGE_STANDARD = gnu99;
				GCC_NO_COMMON_BLOCKS = YES;
				GCC_WARN_64_TO_32_BIT_CONVERSION = YES;
				GCC_WARN_ABOUT_RETURN_TYPE = YES_ERROR;
				GCC_WARN_UNDECLARED_SELECTOR = YES;
				GCC_WARN_UNINITIALIZED_AUTOS = YES_AGGRESSIVE;
				GCC_WARN_UNUSED_FUNCTION = YES;
				GCC_WARN_UNUSED_VARIABLE = YES;
				IPHONEOS_DEPLOYMENT_TARGET = 9.0;
				MTL_ENABLE_DEBUG_INFO = NO;
				SDKROOT = iphoneos;
				TARGETED_DEVICE_FAMILY = "1,2";
				VALIDATE_PRODUCT = YES;
			};
			name = Release;
		};
		95C939FE1C664EC3008438FB /* Debug */ = {
			isa = XCBuildConfiguration;
			buildSettings = {
				ASSETCATALOG_COMPILER_APPICON_NAME = AppIcon;
				INFOPLIST_FILE = PhotoBookShop/Info.plist;
				LD_RUNPATH_SEARCH_PATHS = "$(inherited) @executable_path/Frameworks";
				PRODUCT_BUNDLE_IDENTIFIER = com.photobookshop.au.PhotoBookShop;
				PRODUCT_NAME = "$(TARGET_NAME)";
			};
			name = Debug;
		};
		95C939FF1C664EC3008438FB /* Release */ = {
			isa = XCBuildConfiguration;
			buildSettings = {
				ASSETCATALOG_COMPILER_APPICON_NAME = AppIcon;
				INFOPLIST_FILE = PhotoBookShop/Info.plist;
				LD_RUNPATH_SEARCH_PATHS = "$(inherited) @executable_path/Frameworks";
				PRODUCT_BUNDLE_IDENTIFIER = com.photobookshop.au.PhotoBookShop;
				PRODUCT_NAME = "$(TARGET_NAME)";
			};
			name = Release;
		};
		95C93A011C664EC3008438FB /* Debug */ = {
			isa = XCBuildConfiguration;
			buildSettings = {
				BUNDLE_LOADER = "$(TEST_HOST)";
				INFOPLIST_FILE = PhotoBookShopTests/Info.plist;
				LD_RUNPATH_SEARCH_PATHS = "$(inherited) @executable_path/Frameworks @loader_path/Frameworks";
				PRODUCT_BUNDLE_IDENTIFIER = com.photobookshop.au.PhotoBookShopTests;
				PRODUCT_NAME = "$(TARGET_NAME)";
				TEST_HOST = "$(BUILT_PRODUCTS_DIR)/PhotoBookShop.app/PhotoBookShop";
			};
			name = Debug;
		};
		95C93A021C664EC3008438FB /* Release */ = {
			isa = XCBuildConfiguration;
			buildSettings = {
				BUNDLE_LOADER = "$(TEST_HOST)";
				INFOPLIST_FILE = PhotoBookShopTests/Info.plist;
				LD_RUNPATH_SEARCH_PATHS = "$(inherited) @executable_path/Frameworks @loader_path/Frameworks";
				PRODUCT_BUNDLE_IDENTIFIER = com.photobookshop.au.PhotoBookShopTests;
				PRODUCT_NAME = "$(TARGET_NAME)";
				TEST_HOST = "$(BUILT_PRODUCTS_DIR)/PhotoBookShop.app/PhotoBookShop";
			};
			name = Release;
		};
		95C93A041C664EC3008438FB /* Debug */ = {
			isa = XCBuildConfiguration;
			buildSettings = {
				INFOPLIST_FILE = PhotoBookShopUITests/Info.plist;
				LD_RUNPATH_SEARCH_PATHS = "$(inherited) @executable_path/Frameworks @loader_path/Frameworks";
				PRODUCT_BUNDLE_IDENTIFIER = com.photobookshop.au.PhotoBookShopUITests;
				PRODUCT_NAME = "$(TARGET_NAME)";
				TEST_TARGET_NAME = PhotoBookShop;
				USES_XCTRUNNER = YES;
			};
			name = Debug;
		};
		95C93A051C664EC3008438FB /* Release */ = {
			isa = XCBuildConfiguration;
			buildSettings = {
				INFOPLIST_FILE = PhotoBookShopUITests/Info.plist;
				LD_RUNPATH_SEARCH_PATHS = "$(inherited) @executable_path/Frameworks @loader_path/Frameworks";
				PRODUCT_BUNDLE_IDENTIFIER = com.photobookshop.au.PhotoBookShopUITests;
				PRODUCT_NAME = "$(TARGET_NAME)";
				TEST_TARGET_NAME = PhotoBookShop;
				USES_XCTRUNNER = YES;
			};
			name = Release;
		};
/* End XCBuildConfiguration section */

/* Begin XCConfigurationList section */
		95C939CB1C664EC2008438FB /* Build configuration list for PBXProject "PhotoBookShop" */ = {
			isa = XCConfigurationList;
			buildConfigurations = (
				95C939FB1C664EC3008438FB /* Debug */,
				95C939FC1C664EC3008438FB /* Release */,
			);
			defaultConfigurationIsVisible = 0;
			defaultConfigurationName = Release;
		};
		95C939FD1C664EC3008438FB /* Build configuration list for PBXNativeTarget "PhotoBookShop" */ = {
			isa = XCConfigurationList;
			buildConfigurations = (
				95C939FE1C664EC3008438FB /* Debug */,
				95C939FF1C664EC3008438FB /* Release */,
			);
			defaultConfigurationIsVisible = 0;
		};
		95C93A001C664EC3008438FB /* Build configuration list for PBXNativeTarget "PhotoBookShopTests" */ = {
			isa = XCConfigurationList;
			buildConfigurations = (
				95C93A011C664EC3008438FB /* Debug */,
				95C93A021C664EC3008438FB /* Release */,
			);
			defaultConfigurationIsVisible = 0;
		};
		95C93A031C664EC3008438FB /* Build configuration list for PBXNativeTarget "PhotoBookShopUITests" */ = {
			isa = XCConfigurationList;
			buildConfigurations = (
				95C93A041C664EC3008438FB /* Debug */,
				95C93A051C664EC3008438FB /* Release */,
			);
			defaultConfigurationIsVisible = 0;
		};
/* End XCConfigurationList section */
	};
	rootObject = 95C939C81C664EC2008438FB /* Project object */;
}
